# This file is automatically @generated by Cargo.
# It is not intended for manual editing.
version = 4

[[package]]
name = "bloomfs-alloc"
version = "0.1.0"

[[package]]
name = "bloomfs-block"
version = "0.1.0"

[[package]]
name = "bloomfs-inode"
version = "0.1.0"
dependencies = [
 "bloomfs-block",
]
